PODS:
  - DateTools (1.7.0)
  - SDWebImage (3.7.6):
    - SDWebImage/Core (= 3.7.6)
  - SDWebImage/Core (3.7.6)
  - SSKeychain (1.4.0)

DEPENDENCIES:
  - DateTools
  - SDWebImage (~> 3.7)
  - SSKeychain

SPEC CHECKSUMS:
  DateTools: 53288ee8b905fdc75897a1e6b5cc0144b14cba60
  SDWebImage: c325cf02c30337336b95beff20a13df489ec0ec9
  SSKeychain: c71293fa57216a40ab06c23f4085387583293de4

PODFILE CHECKSUM: 5e0d5a8c03c5d841e50841840f07584949177ae6

COCOAPODS: 1.0.0
