// !$*UTF8*$!
{
	archiveVersion = 1;
	classes = {
	};
	objectVersion = 47;
	objects = {

/* Begin PBXBuildFile section */
		1B1C6B86DFFAF5DFBD0B9100 /* Pods_GitWatch.framework in Frameworks */ = {isa = PBXBuildFile; fileRef = 2D2E6FD241A817064A5FE52C /* Pods_GitWatch.framework */; };
		1F0DA3841CE4878F005DBE35 /* Security.framework in Frameworks */ = {isa = PBXBuildFile; fileRef = 1F0DA3831CE4878F005DBE35 /* Security.framework */; };
		1F0DA3871CE490D5005DBE35 /* HomeController.m in Sources */ = {isa = PBXBuildFile; fileRef = 1F0DA3861CE490D5005DBE35 /* HomeController.m */; };
		1F0DE9721CEE050800C5315F /* PullRequestsController.m in Sources */ = {isa = PBXBuildFile; fileRef = 1F0DE9711CEE050800C5315F /* PullRequestsController.m */; };
		1F0DE9761CEE129600C5315F /* MWKProgressIndicator.m in Sources */ = {isa = PBXBuildFile; fileRef = 1F0DE9751CEE129600C5315F /* MWKProgressIndicator.m */; };
		1F10A9C11D057C5500C5AA37 /* OrgsContainer.m in Sources */ = {isa = PBXBuildFile; fileRef = 1F10A9C01D057C5500C5AA37 /* OrgsContainer.m */; };
		1F10A9C41D05A89000C5AA37 /* Main.storyboard in Resources */ = {isa = PBXBuildFile; fileRef = 1F10A9C21D05A89000C5AA37 /* Main.storyboard */; };
		1F147D821CFEFE9A0024F773 /* Dashboard.m in Sources */ = {isa = PBXBuildFile; fileRef = 1F147D811CFEFE9A0024F773 /* Dashboard.m */; };
		1F147D861CFEFEEF0024F773 /* DashCell.m in Sources */ = {isa = PBXBuildFile; fileRef = 1F147D841CFEFEEF0024F773 /* DashCell.m */; };
		1F147D871CFEFEEF0024F773 /* DashCell.xib in Resources */ = {isa = PBXBuildFile; fileRef = 1F147D851CFEFEEF0024F773 /* DashCell.xib */; };
		1F147D8D1CFF27170024F773 /* Settings.m in Sources */ = {isa = PBXBuildFile; fileRef = 1F147D8C1CFF27170024F773 /* Settings.m */; };
		1F147D901CFF27E40024F773 /* RepoView.m in Sources */ = {isa = PBXBuildFile; fileRef = 1F147D8F1CFF27E40024F773 /* RepoView.m */; };
		1F66A26E1D254EAF003AE781 /* DirectLoginController.m in Sources */ = {isa = PBXBuildFile; fileRef = 1F66A26D1D254EAF003AE781 /* DirectLoginController.m */; };
		1F6A992E1CE5F37800B61F50 /* StatusCell.m in Sources */ = {isa = PBXBuildFile; fileRef = 1F6A992C1CE5F37800B61F50 /* StatusCell.m */; };
		1F6A992F1CE5F37800B61F50 /* StatusCell.xib in Resources */ = {isa = PBXBuildFile; fileRef = 1F6A992D1CE5F37800B61F50 /* StatusCell.xib */; };
		1F7BE7D31CEF14A4008A61BE /* CommitCell.m in Sources */ = {isa = PBXBuildFile; fileRef = 1F7BE7D11CEF14A4008A61BE /* CommitCell.m */; };
		1F7BE7D41CEF14A4008A61BE /* CommitCell.xib in Resources */ = {isa = PBXBuildFile; fileRef = 1F7BE7D21CEF14A4008A61BE /* CommitCell.xib */; };
		1F7BE7D81CEF179B008A61BE /* PullModel.m in Sources */ = {isa = PBXBuildFile; fileRef = 1F7BE7D71CEF179B008A61BE /* PullModel.m */; };
		1F7BE7DB1CEF17AC008A61BE /* CommitModel.m in Sources */ = {isa = PBXBuildFile; fileRef = 1F7BE7DA1CEF17AC008A61BE /* CommitModel.m */; };
		1F81EFFB1D00322800271D28 /* SettingsHelper.m in Sources */ = {isa = PBXBuildFile; fileRef = 1F81EFFA1D00322800271D28 /* SettingsHelper.m */; };
		1F81EFFD1D00336D00271D28 /* SettingsList.plist in Resources */ = {isa = PBXBuildFile; fileRef = 1F81EFFC1D00336D00271D28 /* SettingsList.plist */; };
		1F81F0001D00343D00271D28 /* PlistHelper.m in Sources */ = {isa = PBXBuildFile; fileRef = 1F81EFFF1D00343D00271D28 /* PlistHelper.m */; };
		1F9B4B1F1CE3340D00EAFD29 /* RepositoryCell.xib in Resources */ = {isa = PBXBuildFile; fileRef = 1F9B4B1E1CE3340D00EAFD29 /* RepositoryCell.xib */; };
		1F9B4B221CE34BE800EAFD29 /* FavoriteRepository.plist in Resources */ = {isa = PBXBuildFile; fileRef = 1F9B4B211CE34BE800EAFD29 /* FavoriteRepository.plist */; };
		1F9B4B261CE3574A00EAFD29 /* Helper.m in Sources */ = {isa = PBXBuildFile; fileRef = 1F9B4B251CE3574A00EAFD29 /* Helper.m */; };
		1F9F5EAD1CE086FF004D73D3 /* main.m in Sources */ = {isa = PBXBuildFile; fileRef = 1F9F5EAC1CE086FF004D73D3 /* main.m */; };
		1F9F5EB01CE086FF004D73D3 /* AppDelegate.m in Sources */ = {isa = PBXBuildFile; fileRef = 1F9F5EAF1CE086FF004D73D3 /* AppDelegate.m */; };
		1F9F5EB31CE086FF004D73D3 /* ViewController.m in Sources */ = {isa = PBXBuildFile; fileRef = 1F9F5EB21CE086FF004D73D3 /* ViewController.m */; };
		1F9F5EB81CE086FF004D73D3 /* Assets.xcassets in Resources */ = {isa = PBXBuildFile; fileRef = 1F9F5EB71CE086FF004D73D3 /* Assets.xcassets */; };
		1F9F5EBB1CE086FF004D73D3 /* LaunchScreen.storyboard in Resources */ = {isa = PBXBuildFile; fileRef = 1F9F5EB91CE086FF004D73D3 /* LaunchScreen.storyboard */; };
		1F9F5EC81CE087B8004D73D3 /* AFNetworking.framework in Frameworks */ = {isa = PBXBuildFile; fileRef = 1F9F5EC31CE087B8004D73D3 /* AFNetworking.framework */; };
		1F9F5EC91CE087B8004D73D3 /* ISO8601DateFormatter.framework in Frameworks */ = {isa = PBXBuildFile; fileRef = 1F9F5EC41CE087B8004D73D3 /* ISO8601DateFormatter.framework */; };
		1F9F5ECA1CE087B8004D73D3 /* Mantle.framework in Frameworks */ = {isa = PBXBuildFile; fileRef = 1F9F5EC51CE087B8004D73D3 /* Mantle.framework */; };
		1F9F5ECB1CE087B8004D73D3 /* OctoKit.framework in Frameworks */ = {isa = PBXBuildFile; fileRef = 1F9F5EC61CE087B8004D73D3 /* OctoKit.framework */; };
		1F9F5ECC1CE087B8004D73D3 /* ReactiveCocoa.framework in Frameworks */ = {isa = PBXBuildFile; fileRef = 1F9F5EC71CE087B8004D73D3 /* ReactiveCocoa.framework */; };
		1F9F5ED51CE09681004D73D3 /* OrganisationsController.m in Sources */ = {isa = PBXBuildFile; fileRef = 1F9F5ED41CE09681004D73D3 /* OrganisationsController.m */; };
		1FA87EE41CE1D56B00E0A7DE /* RepositoriesController.m in Sources */ = {isa = PBXBuildFile; fileRef = 1FA87EE31CE1D56B00E0A7DE /* RepositoriesController.m */; };
		1FA87EE81CE1EC5300E0A7DE /* RepositoryCell.m in Sources */ = {isa = PBXBuildFile; fileRef = 1FA87EE71CE1EC5300E0A7DE /* RepositoryCell.m */; };
		1FA95AA01CEDC32A0028BDEC /* StatusController.m in Sources */ = {isa = PBXBuildFile; fileRef = 1FA95A9F1CEDC32A0028BDEC /* StatusController.m */; };
		1FB4AD981CE9BF5B002B12A1 /* RepositoryController.m in Sources */ = {isa = PBXBuildFile; fileRef = 1FB4AD971CE9BF5B002B12A1 /* RepositoryController.m */; };
		1FB4AD9A1CEA256D002B12A1 /* RepositoryIntervals.plist in Resources */ = {isa = PBXBuildFile; fileRef = 1FB4AD991CEA256D002B12A1 /* RepositoryIntervals.plist */; };
		1FBDFFAD1D019F0200EB17D9 /* NSDate+Helper.m in Sources */ = {isa = PBXBuildFile; fileRef = 1FBDFFAC1D019F0200EB17D9 /* NSDate+Helper.m */; };
		1FDA29351CF34BFA00528BA6 /* SettingsController.m in Sources */ = {isa = PBXBuildFile; fileRef = 1FDA29341CF34BFA00528BA6 /* SettingsController.m */; };
		1FDBE8B21D38E4DB0044B58E /* BaseTableView.m in Sources */ = {isa = PBXBuildFile; fileRef = 1FDBE8B11D38E4DB0044B58E /* BaseTableView.m */; };
		1FE63DF01CFD8EC300CE28FA /* NS-Extensions.m in Sources */ = {isa = PBXBuildFile; fileRef = 1FE63DEF1CFD8EC300CE28FA /* NS-Extensions.m */; };
		1FE63DF41CFD91B300CE28FA /* OrganizationCell.m in Sources */ = {isa = PBXBuildFile; fileRef = 1FE63DF21CFD91B300CE28FA /* OrganizationCell.m */; };
		1FE63DF51CFD91B300CE28FA /* OrganizationCell.xib in Resources */ = {isa = PBXBuildFile; fileRef = 1FE63DF31CFD91B300CE28FA /* OrganizationCell.xib */; };
		1FE63DF81CFDA10400CE28FA /* ColorHelper.m in Sources */ = {isa = PBXBuildFile; fileRef = 1FE63DF71CFDA10400CE28FA /* ColorHelper.m */; };
		1FEDD1FC1D1D7524000CACA6 /* Trash.m in Sources */ = {isa = PBXBuildFile; fileRef = 1FEDD1FB1D1D7524000CACA6 /* Trash.m */; };
/* End PBXBuildFile section */

/* Begin PBXFileReference section */
		1F0DA3831CE4878F005DBE35 /* Security.framework */ = {isa = PBXFileReference; lastKnownFileType = wrapper.framework; name = Security.framework; path = System/Library/Frameworks/Security.framework; sourceTree = SDKROOT; };
		1F0DA3851CE490D5005DBE35 /* HomeController.h */ = {isa = PBXFileReference; fileEncoding = 4; lastKnownFileType = sourcecode.c.h; path = HomeController.h; sourceTree = "<group>"; };
		1F0DA3861CE490D5005DBE35 /* HomeController.m */ = {isa = PBXFileReference; fileEncoding = 4; lastKnownFileType = sourcecode.c.objc; lineEnding = 0; path = HomeController.m; sourceTree = "<group>"; xcLanguageSpecificationIdentifier = xcode.lang.objc; };
		1F0DE9701CEE050800C5315F /* PullRequestsController.h */ = {isa = PBXFileReference; fileEncoding = 4; lastKnownFileType = sourcecode.c.h; path = PullRequestsController.h; sourceTree = "<group>"; };
		1F0DE9711CEE050800C5315F /* PullRequestsController.m */ = {isa = PBXFileReference; fileEncoding = 4; lastKnownFileType = sourcecode.c.objc; path = PullRequestsController.m; sourceTree = "<group>"; };
		1F0DE9741CEE129600C5315F /* MWKProgressIndicator.h */ = {isa = PBXFileReference; fileEncoding = 4; lastKnownFileType = sourcecode.c.h; path = MWKProgressIndicator.h; sourceTree = "<group>"; };
		1F0DE9751CEE129600C5315F /* MWKProgressIndicator.m */ = {isa = PBXFileReference; fileEncoding = 4; lastKnownFileType = sourcecode.c.objc; path = MWKProgressIndicator.m; sourceTree = "<group>"; };
		1F10A9BF1D057C5500C5AA37 /* OrgsContainer.h */ = {isa = PBXFileReference; fileEncoding = 4; lastKnownFileType = sourcecode.c.h; path = OrgsContainer.h; sourceTree = "<group>"; };
		1F10A9C01D057C5500C5AA37 /* OrgsContainer.m */ = {isa = PBXFileReference; fileEncoding = 4; lastKnownFileType = sourcecode.c.objc; path = OrgsContainer.m; sourceTree = "<group>"; };
		1F10A9C31D05A89000C5AA37 /* Base */ = {isa = PBXFileReference; lastKnownFileType = file.storyboard; name = Base; path = Base.lproj/Main.storyboard; sourceTree = "<group>"; };
		1F147D801CFEFE9A0024F773 /* Dashboard.h */ = {isa = PBXFileReference; fileEncoding = 4; lastKnownFileType = sourcecode.c.h; path = Dashboard.h; sourceTree = "<group>"; };
		1F147D811CFEFE9A0024F773 /* Dashboard.m */ = {isa = PBXFileReference; fileEncoding = 4; lastKnownFileType = sourcecode.c.objc; path = Dashboard.m; sourceTree = "<group>"; };
		1F147D831CFEFEEF0024F773 /* DashCell.h */ = {isa = PBXFileReference; fileEncoding = 4; lastKnownFileType = sourcecode.c.h; path = DashCell.h; sourceTree = "<group>"; };
		1F147D841CFEFEEF0024F773 /* DashCell.m */ = {isa = PBXFileReference; fileEncoding = 4; lastKnownFileType = sourcecode.c.objc; path = DashCell.m; sourceTree = "<group>"; };
		1F147D851CFEFEEF0024F773 /* DashCell.xib */ = {isa = PBXFileReference; fileEncoding = 4; lastKnownFileType = file.xib; path = DashCell.xib; sourceTree = "<group>"; };
		1F147D8B1CFF27170024F773 /* Settings.h */ = {isa = PBXFileReference; fileEncoding = 4; lastKnownFileType = sourcecode.c.h; path = Settings.h; sourceTree = "<group>"; };
		1F147D8C1CFF27170024F773 /* Settings.m */ = {isa = PBXFileReference; fileEncoding = 4; lastKnownFileType = sourcecode.c.objc; path = Settings.m; sourceTree = "<group>"; };
		1F147D8E1CFF27E40024F773 /* RepoView.h */ = {isa = PBXFileReference; fileEncoding = 4; lastKnownFileType = sourcecode.c.h; path = RepoView.h; sourceTree = "<group>"; };
		1F147D8F1CFF27E40024F773 /* RepoView.m */ = {isa = PBXFileReference; fileEncoding = 4; lastKnownFileType = sourcecode.c.objc; path = RepoView.m; sourceTree = "<group>"; };
		1F66A26C1D254EAF003AE781 /* DirectLoginController.h */ = {isa = PBXFileReference; fileEncoding = 4; lastKnownFileType = sourcecode.c.h; path = DirectLoginController.h; sourceTree = "<group>"; };
		1F66A26D1D254EAF003AE781 /* DirectLoginController.m */ = {isa = PBXFileReference; fileEncoding = 4; lastKnownFileType = sourcecode.c.objc; path = DirectLoginController.m; sourceTree = "<group>"; };
		1F6A992B1CE5F37800B61F50 /* StatusCell.h */ = {isa = PBXFileReference; fileEncoding = 4; lastKnownFileType = sourcecode.c.h; path = StatusCell.h; sourceTree = "<group>"; };
		1F6A992C1CE5F37800B61F50 /* StatusCell.m */ = {isa = PBXFileReference; fileEncoding = 4; lastKnownFileType = sourcecode.c.objc; path = StatusCell.m; sourceTree = "<group>"; };
		1F6A992D1CE5F37800B61F50 /* StatusCell.xib */ = {isa = PBXFileReference; fileEncoding = 4; lastKnownFileType = file.xib; path = StatusCell.xib; sourceTree = "<group>"; };
		1F7BE7D01CEF14A4008A61BE /* CommitCell.h */ = {isa = PBXFileReference; fileEncoding = 4; lastKnownFileType = sourcecode.c.h; path = CommitCell.h; sourceTree = "<group>"; };
		1F7BE7D11CEF14A4008A61BE /* CommitCell.m */ = {isa = PBXFileReference; fileEncoding = 4; lastKnownFileType = sourcecode.c.objc; path = CommitCell.m; sourceTree = "<group>"; };
		1F7BE7D21CEF14A4008A61BE /* CommitCell.xib */ = {isa = PBXFileReference; fileEncoding = 4; lastKnownFileType = file.xib; path = CommitCell.xib; sourceTree = "<group>"; };
		1F7BE7D61CEF179B008A61BE /* PullModel.h */ = {isa = PBXFileReference; fileEncoding = 4; lastKnownFileType = sourcecode.c.h; path = PullModel.h; sourceTree = "<group>"; };
		1F7BE7D71CEF179B008A61BE /* PullModel.m */ = {isa = PBXFileReference; fileEncoding = 4; lastKnownFileType = sourcecode.c.objc; path = PullModel.m; sourceTree = "<group>"; };
		1F7BE7D91CEF17AC008A61BE /* CommitModel.h */ = {isa = PBXFileReference; fileEncoding = 4; lastKnownFileType = sourcecode.c.h; path = CommitModel.h; sourceTree = "<group>"; };
		1F7BE7DA1CEF17AC008A61BE /* CommitModel.m */ = {isa = PBXFileReference; fileEncoding = 4; lastKnownFileType = sourcecode.c.objc; path = CommitModel.m; sourceTree = "<group>"; };
		1F80E4551D1AC9DF009ED81B /* GitWatch-Bridging-Header.h */ = {isa = PBXFileReference; fileEncoding = 4; lastKnownFileType = sourcecode.c.h; path = "GitWatch-Bridging-Header.h"; sourceTree = "<group>"; };
		1F81EFF91D00322800271D28 /* SettingsHelper.h */ = {isa = PBXFileReference; fileEncoding = 4; lastKnownFileType = sourcecode.c.h; path = SettingsHelper.h; sourceTree = "<group>"; };
		1F81EFFA1D00322800271D28 /* SettingsHelper.m */ = {isa = PBXFileReference; fileEncoding = 4; lastKnownFileType = sourcecode.c.objc; path = SettingsHelper.m; sourceTree = "<group>"; };
		1F81EFFC1D00336D00271D28 /* SettingsList.plist */ = {isa = PBXFileReference; fileEncoding = 4; lastKnownFileType = text.plist.xml; path = SettingsList.plist; sourceTree = "<group>"; };
		1F81EFFE1D00343D00271D28 /* PlistHelper.h */ = {isa = PBXFileReference; fileEncoding = 4; lastKnownFileType = sourcecode.c.h; path = PlistHelper.h; sourceTree = "<group>"; };
		1F81EFFF1D00343D00271D28 /* PlistHelper.m */ = {isa = PBXFileReference; fileEncoding = 4; lastKnownFileType = sourcecode.c.objc; path = PlistHelper.m; sourceTree = "<group>"; };
		1F9B4B1E1CE3340D00EAFD29 /* RepositoryCell.xib */ = {isa = PBXFileReference; fileEncoding = 4; lastKnownFileType = file.xib; path = RepositoryCell.xib; sourceTree = "<group>"; };
		1F9B4B211CE34BE800EAFD29 /* FavoriteRepository.plist */ = {isa = PBXFileReference; fileEncoding = 4; lastKnownFileType = text.plist.xml; path = FavoriteRepository.plist; sourceTree = "<group>"; };
		1F9B4B241CE3574A00EAFD29 /* Helper.h */ = {isa = PBXFileReference; fileEncoding = 4; lastKnownFileType = sourcecode.c.h; path = Helper.h; sourceTree = "<group>"; };
		1F9B4B251CE3574A00EAFD29 /* Helper.m */ = {isa = PBXFileReference; fileEncoding = 4; lastKnownFileType = sourcecode.c.objc; path = Helper.m; sourceTree = "<group>"; };
		1F9F5EA81CE086FF004D73D3 /* GitWatch.app */ = {isa = PBXFileReference; explicitFileType = wrapper.application; includeInIndex = 0; path = GitWatch.app; sourceTree = BUILT_PRODUCTS_DIR; };
		1F9F5EAC1CE086FF004D73D3 /* main.m */ = {isa = PBXFileReference; lastKnownFileType = sourcecode.c.objc; path = main.m; sourceTree = "<group>"; };
		1F9F5EAE1CE086FF004D73D3 /* AppDelegate.h */ = {isa = PBXFileReference; lastKnownFileType = sourcecode.c.h; path = AppDelegate.h; sourceTree = "<group>"; };
		1F9F5EAF1CE086FF004D73D3 /* AppDelegate.m */ = {isa = PBXFileReference; lastKnownFileType = sourcecode.c.objc; path = AppDelegate.m; sourceTree = "<group>"; };
		1F9F5EB11CE086FF004D73D3 /* ViewController.h */ = {isa = PBXFileReference; lastKnownFileType = sourcecode.c.h; path = ViewController.h; sourceTree = "<group>"; };
		1F9F5EB21CE086FF004D73D3 /* ViewController.m */ = {isa = PBXFileReference; lastKnownFileType = sourcecode.c.objc; path = ViewController.m; sourceTree = "<group>"; };
		1F9F5EB71CE086FF004D73D3 /* Assets.xcassets */ = {isa = PBXFileReference; lastKnownFileType = folder.assetcatalog; path = Assets.xcassets; sourceTree = "<group>"; };
		1F9F5EBA1CE086FF004D73D3 /* Base */ = {isa = PBXFileReference; lastKnownFileType = file.storyboard; name = Base; path = Base.lproj/LaunchScreen.storyboard; sourceTree = "<group>"; };
		1F9F5EBC1CE086FF004D73D3 /* Info.plist */ = {isa = PBXFileReference; lastKnownFileType = text.plist.xml; path = Info.plist; sourceTree = "<group>"; };
		1F9F5EC31CE087B8004D73D3 /* AFNetworking.framework */ = {isa = PBXFileReference; lastKnownFileType = wrapper.framework; name = AFNetworking.framework; path = Carthage/Build/iOS/AFNetworking.framework; sourceTree = "<group>"; };
		1F9F5EC41CE087B8004D73D3 /* ISO8601DateFormatter.framework */ = {isa = PBXFileReference; lastKnownFileType = wrapper.framework; name = ISO8601DateFormatter.framework; path = Carthage/Build/iOS/ISO8601DateFormatter.framework; sourceTree = "<group>"; };
		1F9F5EC51CE087B8004D73D3 /* Mantle.framework */ = {isa = PBXFileReference; lastKnownFileType = wrapper.framework; name = Mantle.framework; path = Carthage/Build/iOS/Mantle.framework; sourceTree = "<group>"; };
		1F9F5EC61CE087B8004D73D3 /* OctoKit.framework */ = {isa = PBXFileReference; lastKnownFileType = wrapper.framework; name = OctoKit.framework; path = Carthage/Build/iOS/OctoKit.framework; sourceTree = "<group>"; };
		1F9F5EC71CE087B8004D73D3 /* ReactiveCocoa.framework */ = {isa = PBXFileReference; lastKnownFileType = wrapper.framework; name = ReactiveCocoa.framework; path = Carthage/Build/iOS/ReactiveCocoa.framework; sourceTree = "<group>"; };
		1F9F5ED31CE09681004D73D3 /* OrganisationsController.h */ = {isa = PBXFileReference; fileEncoding = 4; lastKnownFileType = sourcecode.c.h; path = OrganisationsController.h; sourceTree = "<group>"; };
		1F9F5ED41CE09681004D73D3 /* OrganisationsController.m */ = {isa = PBXFileReference; fileEncoding = 4; lastKnownFileType = sourcecode.c.objc; path = OrganisationsController.m; sourceTree = "<group>"; };
		1FA87EE21CE1D56B00E0A7DE /* RepositoriesController.h */ = {isa = PBXFileReference; fileEncoding = 4; lastKnownFileType = sourcecode.c.h; path = RepositoriesController.h; sourceTree = "<group>"; };
		1FA87EE31CE1D56B00E0A7DE /* RepositoriesController.m */ = {isa = PBXFileReference; fileEncoding = 4; lastKnownFileType = sourcecode.c.objc; path = RepositoriesController.m; sourceTree = "<group>"; };
		1FA87EE61CE1EC5300E0A7DE /* RepositoryCell.h */ = {isa = PBXFileReference; fileEncoding = 4; lastKnownFileType = sourcecode.c.h; path = RepositoryCell.h; sourceTree = "<group>"; };
		1FA87EE71CE1EC5300E0A7DE /* RepositoryCell.m */ = {isa = PBXFileReference; fileEncoding = 4; lastKnownFileType = sourcecode.c.objc; path = RepositoryCell.m; sourceTree = "<group>"; };
		1FA95A9E1CEDC32A0028BDEC /* StatusController.h */ = {isa = PBXFileReference; fileEncoding = 4; lastKnownFileType = sourcecode.c.h; path = StatusController.h; sourceTree = "<group>"; };
		1FA95A9F1CEDC32A0028BDEC /* StatusController.m */ = {isa = PBXFileReference; fileEncoding = 4; lastKnownFileType = sourcecode.c.objc; path = StatusController.m; sourceTree = "<group>"; };
		1FB4AD961CE9BF5B002B12A1 /* RepositoryController.h */ = {isa = PBXFileReference; fileEncoding = 4; lastKnownFileType = sourcecode.c.h; path = RepositoryController.h; sourceTree = "<group>"; };
		1FB4AD971CE9BF5B002B12A1 /* RepositoryController.m */ = {isa = PBXFileReference; fileEncoding = 4; lastKnownFileType = sourcecode.c.objc; path = RepositoryController.m; sourceTree = "<group>"; };
		1FB4AD991CEA256D002B12A1 /* RepositoryIntervals.plist */ = {isa = PBXFileReference; fileEncoding = 4; lastKnownFileType = text.plist.xml; path = RepositoryIntervals.plist; sourceTree = "<group>"; };
		1FBDFFAB1D019F0200EB17D9 /* NSDate+Helper.h */ = {isa = PBXFileReference; fileEncoding = 4; lastKnownFileType = sourcecode.c.h; name = "NSDate+Helper.h"; path = "../../nsdate-helper/NSDate+Helper.h"; sourceTree = "<group>"; };
		1FBDFFAC1D019F0200EB17D9 /* NSDate+Helper.m */ = {isa = PBXFileReference; fileEncoding = 4; lastKnownFileType = sourcecode.c.objc; name = "NSDate+Helper.m"; path = "../../nsdate-helper/NSDate+Helper.m"; sourceTree = "<group>"; };
		1FDA29331CF34BFA00528BA6 /* SettingsController.h */ = {isa = PBXFileReference; fileEncoding = 4; lastKnownFileType = sourcecode.c.h; path = SettingsController.h; sourceTree = "<group>"; };
		1FDA29341CF34BFA00528BA6 /* SettingsController.m */ = {isa = PBXFileReference; fileEncoding = 4; lastKnownFileType = sourcecode.c.objc; path = SettingsController.m; sourceTree = "<group>"; };
		1FDBE8B01D38E4DB0044B58E /* BaseTableView.h */ = {isa = PBXFileReference; fileEncoding = 4; lastKnownFileType = sourcecode.c.h; path = BaseTableView.h; sourceTree = "<group>"; };
		1FDBE8B11D38E4DB0044B58E /* BaseTableView.m */ = {isa = PBXFileReference; fileEncoding = 4; lastKnownFileType = sourcecode.c.objc; path = BaseTableView.m; sourceTree = "<group>"; };
		1FE63DEE1CFD8EC300CE28FA /* NS-Extensions.h */ = {isa = PBXFileReference; fileEncoding = 4; lastKnownFileType = sourcecode.c.h; path = "NS-Extensions.h"; sourceTree = "<group>"; };
		1FE63DEF1CFD8EC300CE28FA /* NS-Extensions.m */ = {isa = PBXFileReference; fileEncoding = 4; lastKnownFileType = sourcecode.c.objc; path = "NS-Extensions.m"; sourceTree = "<group>"; };
		1FE63DF11CFD91B300CE28FA /* OrganizationCell.h */ = {isa = PBXFileReference; fileEncoding = 4; lastKnownFileType = sourcecode.c.h; path = OrganizationCell.h; sourceTree = "<group>"; };
		1FE63DF21CFD91B300CE28FA /* OrganizationCell.m */ = {isa = PBXFileReference; fileEncoding = 4; lastKnownFileType = sourcecode.c.objc; path = OrganizationCell.m; sourceTree = "<group>"; };
		1FE63DF31CFD91B300CE28FA /* OrganizationCell.xib */ = {isa = PBXFileReference; fileEncoding = 4; lastKnownFileType = file.xib; path = OrganizationCell.xib; sourceTree = "<group>"; };
		1FE63DF61CFDA10400CE28FA /* ColorHelper.h */ = {isa = PBXFileReference; fileEncoding = 4; lastKnownFileType = sourcecode.c.h; path = ColorHelper.h; sourceTree = "<group>"; };
		1FE63DF71CFDA10400CE28FA /* ColorHelper.m */ = {isa = PBXFileReference; fileEncoding = 4; lastKnownFileType = sourcecode.c.objc; path = ColorHelper.m; sourceTree = "<group>"; };
		1FEDD1FB1D1D7524000CACA6 /* Trash.m */ = {isa = PBXFileReference; fileEncoding = 4; lastKnownFileType = sourcecode.c.objc; path = Trash.m; sourceTree = "<group>"; };
		2D2E6FD241A817064A5FE52C /* Pods_GitWatch.framework */ = {isa = PBXFileReference; explicitFileType = wrapper.framework; includeInIndex = 0; path = Pods_GitWatch.framework; sourceTree = BUILT_PRODUCTS_DIR; };
		74CFC32613E86747D0926C34 /* Pods-GitWatch.debug.xcconfig */ = {isa = PBXFileReference; includeInIndex = 1; lastKnownFileType = text.xcconfig; name = "Pods-GitWatch.debug.xcconfig"; path = "Pods/Target Support Files/Pods-GitWatch/Pods-GitWatch.debug.xcconfig"; sourceTree = "<group>"; };
		AA5517E749A749797A42FC10 /* Pods-GitWatch.release.xcconfig */ = {isa = PBXFileReference; includeInIndex = 1; lastKnownFileType = text.xcconfig; name = "Pods-GitWatch.release.xcconfig"; path = "Pods/Target Support Files/Pods-GitWatch/Pods-GitWatch.release.xcconfig"; sourceTree = "<group>"; };
/* End PBXFileReference section */

/* Begin PBXFrameworksBuildPhase section */
		1F9F5EA51CE086FF004D73D3 /* Frameworks */ = {
			isa = PBXFrameworksBuildPhase;
			buildActionMask = 2147483647;
			files = (
				1F0DA3841CE4878F005DBE35 /* Security.framework in Frameworks */,
				1F9F5EC81CE087B8004D73D3 /* AFNetworking.framework in Frameworks */,
				1F9F5EC91CE087B8004D73D3 /* ISO8601DateFormatter.framework in Frameworks */,
				1F9F5ECA1CE087B8004D73D3 /* Mantle.framework in Frameworks */,
				1F9F5ECB1CE087B8004D73D3 /* OctoKit.framework in Frameworks */,
				1F9F5ECC1CE087B8004D73D3 /* ReactiveCocoa.framework in Frameworks */,
				1B1C6B86DFFAF5DFBD0B9100 /* Pods_GitWatch.framework in Frameworks */,
			);
			runOnlyForDeploymentPostprocessing = 0;
		};
/* End PBXFrameworksBuildPhase section */

/* Begin PBXGroup section */
		1F0DA37A1CE478D3005DBE35 /* Home */ = {
			isa = PBXGroup;
			children = (
				1F9F5EB11CE086FF004D73D3 /* ViewController.h */,
				1F9F5EB21CE086FF004D73D3 /* ViewController.m */,
				1F0DA3851CE490D5005DBE35 /* HomeController.h */,
				1F0DA3861CE490D5005DBE35 /* HomeController.m */,
				1F147D801CFEFE9A0024F773 /* Dashboard.h */,
				1F147D811CFEFE9A0024F773 /* Dashboard.m */,
				1F147D831CFEFEEF0024F773 /* DashCell.h */,
				1F147D841CFEFEEF0024F773 /* DashCell.m */,
				1F147D851CFEFEEF0024F773 /* DashCell.xib */,
				1F147D8B1CFF27170024F773 /* Settings.h */,
				1F147D8C1CFF27170024F773 /* Settings.m */,
				1F66A26C1D254EAF003AE781 /* DirectLoginController.h */,
				1F66A26D1D254EAF003AE781 /* DirectLoginController.m */,
			);
			name = Home;
			sourceTree = "<group>";
		};
		1F0DE96F1CEE04CC00C5315F /* PullRequests */ = {
			isa = PBXGroup;
			children = (
				1F7BE7D51CEF177F008A61BE /* Model */,
				1F0DE9701CEE050800C5315F /* PullRequestsController.h */,
				1F0DE9711CEE050800C5315F /* PullRequestsController.m */,
				1F7BE7D01CEF14A4008A61BE /* CommitCell.h */,
				1F7BE7D11CEF14A4008A61BE /* CommitCell.m */,
				1F7BE7D21CEF14A4008A61BE /* CommitCell.xib */,
			);
			name = PullRequests;
			sourceTree = "<group>";
		};
		1F0DE9731CEE127C00C5315F /* ProgressIndicator */ = {
			isa = PBXGroup;
			children = (
				1F0DE9741CEE129600C5315F /* MWKProgressIndicator.h */,
				1F0DE9751CEE129600C5315F /* MWKProgressIndicator.m */,
			);
			name = ProgressIndicator;
			sourceTree = "<group>";
		};
		1F6F435A1CE36AC500FE84B1 /* Organisations */ = {
			isa = PBXGroup;
			children = (
				1F9F5ED31CE09681004D73D3 /* OrganisationsController.h */,
				1F9F5ED41CE09681004D73D3 /* OrganisationsController.m */,
				1FE63DF11CFD91B300CE28FA /* OrganizationCell.h */,
				1FE63DF21CFD91B300CE28FA /* OrganizationCell.m */,
				1FE63DF31CFD91B300CE28FA /* OrganizationCell.xib */,
				1F10A9BF1D057C5500C5AA37 /* OrgsContainer.h */,
				1F10A9C01D057C5500C5AA37 /* OrgsContainer.m */,
			);
			name = Organisations;
			sourceTree = "<group>";
		};
		1F7BE7D51CEF177F008A61BE /* Model */ = {
			isa = PBXGroup;
			children = (
				1F7BE7D61CEF179B008A61BE /* PullModel.h */,
				1F7BE7D71CEF179B008A61BE /* PullModel.m */,
				1F7BE7D91CEF17AC008A61BE /* CommitModel.h */,
				1F7BE7DA1CEF17AC008A61BE /* CommitModel.m */,
			);
			name = Model;
			sourceTree = "<group>";
		};
		1F80E4451D1AC213009ED81B /* OAuth */ = {
			isa = PBXGroup;
			children = (
				1F80E4551D1AC9DF009ED81B /* GitWatch-Bridging-Header.h */,
			);
			name = OAuth;
			sourceTree = "<group>";
		};
		1F9B4B1D1CE3337600EAFD29 /* Repositories */ = {
			isa = PBXGroup;
			children = (
				1FA95A9E1CEDC32A0028BDEC /* StatusController.h */,
				1FA95A9F1CEDC32A0028BDEC /* StatusController.m */,
				1FA87EE21CE1D56B00E0A7DE /* RepositoriesController.h */,
				1FA87EE31CE1D56B00E0A7DE /* RepositoriesController.m */,
				1FA87EE61CE1EC5300E0A7DE /* RepositoryCell.h */,
				1FA87EE71CE1EC5300E0A7DE /* RepositoryCell.m */,
				1F9B4B1E1CE3340D00EAFD29 /* RepositoryCell.xib */,
				1F6A992B1CE5F37800B61F50 /* StatusCell.h */,
				1F6A992C1CE5F37800B61F50 /* StatusCell.m */,
				1F6A992D1CE5F37800B61F50 /* StatusCell.xib */,
				1FB4AD961CE9BF5B002B12A1 /* RepositoryController.h */,
				1FB4AD971CE9BF5B002B12A1 /* RepositoryController.m */,
				1FDA29331CF34BFA00528BA6 /* SettingsController.h */,
				1FDA29341CF34BFA00528BA6 /* SettingsController.m */,
				1F147D8E1CFF27E40024F773 /* RepoView.h */,
				1F147D8F1CFF27E40024F773 /* RepoView.m */,
			);
			name = Repositories;
			sourceTree = "<group>";
		};
		1F9B4B201CE34BC800EAFD29 /* Data */ = {
			isa = PBXGroup;
			children = (
				1F9B4B211CE34BE800EAFD29 /* FavoriteRepository.plist */,
				1FB4AD991CEA256D002B12A1 /* RepositoryIntervals.plist */,
				1F81EFFC1D00336D00271D28 /* SettingsList.plist */,
			);
			name = Data;
			sourceTree = "<group>";
		};
		1F9B4B231CE3572000EAFD29 /* Helpers */ = {
			isa = PBXGroup;
			children = (
				1FBDFFAB1D019F0200EB17D9 /* NSDate+Helper.h */,
				1FBDFFAC1D019F0200EB17D9 /* NSDate+Helper.m */,
				1F9B4B241CE3574A00EAFD29 /* Helper.h */,
				1F9B4B251CE3574A00EAFD29 /* Helper.m */,
				1FE63DEE1CFD8EC300CE28FA /* NS-Extensions.h */,
				1FE63DEF1CFD8EC300CE28FA /* NS-Extensions.m */,
				1FE63DF61CFDA10400CE28FA /* ColorHelper.h */,
				1FE63DF71CFDA10400CE28FA /* ColorHelper.m */,
				1F81EFF91D00322800271D28 /* SettingsHelper.h */,
				1F81EFFA1D00322800271D28 /* SettingsHelper.m */,
				1F81EFFE1D00343D00271D28 /* PlistHelper.h */,
				1F81EFFF1D00343D00271D28 /* PlistHelper.m */,
				1FEDD1FB1D1D7524000CACA6 /* Trash.m */,
			);
			name = Helpers;
			sourceTree = "<group>";
		};
		1F9F5E9F1CE086FF004D73D3 = {
			isa = PBXGroup;
			children = (
				1F9F5EC31CE087B8004D73D3 /* AFNetworking.framework */,
				1F9F5EC41CE087B8004D73D3 /* ISO8601DateFormatter.framework */,
				1F9F5EC51CE087B8004D73D3 /* Mantle.framework */,
				1F9F5EC61CE087B8004D73D3 /* OctoKit.framework */,
				1F9F5EC71CE087B8004D73D3 /* ReactiveCocoa.framework */,
				1F9F5EAA1CE086FF004D73D3 /* GitWatch */,
				1F9F5EA91CE086FF004D73D3 /* Products */,
				86B7ED1AAB5F879FDC79BC6E /* Pods */,
				222ED01DC67E9C99A2E163F1 /* Frameworks */,
			);
			sourceTree = "<group>";
		};
		1F9F5EA91CE086FF004D73D3 /* Products */ = {
			isa = PBXGroup;
			children = (
				1F9F5EA81CE086FF004D73D3 /* GitWatch.app */,
			);
			name = Products;
			sourceTree = "<group>";
		};
		1F9F5EAA1CE086FF004D73D3 /* GitWatch */ = {
			isa = PBXGroup;
			children = (
				1F10A9C21D05A89000C5AA37 /* Main.storyboard */,
				1FDBE8AF1D38E49F0044B58E /* Base */,
				1F80E4451D1AC213009ED81B /* OAuth */,
				1F0DE9731CEE127C00C5315F /* ProgressIndicator */,
				1F0DE96F1CEE04CC00C5315F /* PullRequests */,
				1F0DA37A1CE478D3005DBE35 /* Home */,
				1F6F435A1CE36AC500FE84B1 /* Organisations */,
				1F9B4B1D1CE3337600EAFD29 /* Repositories */,
				1F9B4B231CE3572000EAFD29 /* Helpers */,
				1F9B4B201CE34BC800EAFD29 /* Data */,
				1F9F5EAE1CE086FF004D73D3 /* AppDelegate.h */,
				1F9F5EAF1CE086FF004D73D3 /* AppDelegate.m */,
				1F9F5EB71CE086FF004D73D3 /* Assets.xcassets */,
				1F9F5EB91CE086FF004D73D3 /* LaunchScreen.storyboard */,
				1F9F5EBC1CE086FF004D73D3 /* Info.plist */,
				1F9F5EAB1CE086FF004D73D3 /* Supporting Files */,
			);
			path = GitWatch;
			sourceTree = "<group>";
		};
		1F9F5EAB1CE086FF004D73D3 /* Supporting Files */ = {
			isa = PBXGroup;
			children = (
				1F9F5EAC1CE086FF004D73D3 /* main.m */,
			);
			name = "Supporting Files";
			sourceTree = "<group>";
		};
		1FDBE8AF1D38E49F0044B58E /* Base */ = {
			isa = PBXGroup;
			children = (
				1FDBE8B01D38E4DB0044B58E /* BaseTableView.h */,
				1FDBE8B11D38E4DB0044B58E /* BaseTableView.m */,
			);
			name = Base;
			sourceTree = "<group>";
		};
		222ED01DC67E9C99A2E163F1 /* Frameworks */ = {
			isa = PBXGroup;
			children = (
				1F0DA3831CE4878F005DBE35 /* Security.framework */,
				2D2E6FD241A817064A5FE52C /* Pods_GitWatch.framework */,
			);
			name = Frameworks;
			sourceTree = "<group>";
		};
		86B7ED1AAB5F879FDC79BC6E /* Pods */ = {
			isa = PBXGroup;
			children = (
				74CFC32613E86747D0926C34 /* Pods-GitWatch.debug.xcconfig */,
				AA5517E749A749797A42FC10 /* Pods-GitWatch.release.xcconfig */,
			);
			name = Pods;
			sourceTree = "<group>";
		};
/* End PBXGroup section */

/* Begin PBXNativeTarget section */
		1F9F5EA71CE086FF004D73D3 /* GitWatch */ = {
			isa = PBXNativeTarget;
			buildConfigurationList = 1F9F5EBF1CE086FF004D73D3 /* Build configuration list for PBXNativeTarget "GitWatch" */;
			buildPhases = (
				21931127D082D3E0C4905152 /* [CP] Check Pods Manifest.lock */,
				1F9F5EA41CE086FF004D73D3 /* Sources */,
				1F9F5EA51CE086FF004D73D3 /* Frameworks */,
				1F9F5EA61CE086FF004D73D3 /* Resources */,
				1F9F5EC21CE0878C004D73D3 /* Run Script */,
				52F64F169BC9FC458CA914CE /* [CP] Embed Pods Frameworks */,
				67BFDFB610CD3387A8266799 /* [CP] Copy Pods Resources */,
			);
			buildRules = (
			);
			dependencies = (
			);
			name = GitWatch;
			productName = GitWatch;
			productReference = 1F9F5EA81CE086FF004D73D3 /* GitWatch.app */;
			productType = "com.apple.product-type.application";
		};
/* End PBXNativeTarget section */

/* Begin PBXProject section */
		1F9F5EA01CE086FF004D73D3 /* Project object */ = {
			isa = PBXProject;
			attributes = {
				LastUpgradeCheck = 0730;
				ORGANIZATIONNAME = "Halid Cisse";
				TargetAttributes = {
					1F9F5EA71CE086FF004D73D3 = {
						CreatedOnToolsVersion = 7.3;
						DevelopmentTeam = 2657X7TUJK;
					};
				};
			};
			buildConfigurationList = 1F9F5EA31CE086FF004D73D3 /* Build configuration list for PBXProject "GitWatch" */;
			compatibilityVersion = "Xcode 6.3";
			developmentRegion = English;
			hasScannedForEncodings = 0;
			knownRegions = (
				en,
				Base,
			);
			mainGroup = 1F9F5E9F1CE086FF004D73D3;
			productRefGroup = 1F9F5EA91CE086FF004D73D3 /* Products */;
			projectDirPath = "";
			projectRoot = "";
			targets = (
				1F9F5EA71CE086FF004D73D3 /* GitWatch */,
			);
		};
/* End PBXProject section */

/* Begin PBXResourcesBuildPhase section */
		1F9F5EA61CE086FF004D73D3 /* Resources */ = {
			isa = PBXResourcesBuildPhase;
			buildActionMask = 2147483647;
			files = (
				1F9F5EBB1CE086FF004D73D3 /* LaunchScreen.storyboard in Resources */,
				1F147D871CFEFEEF0024F773 /* DashCell.xib in Resources */,
				1F9F5EB81CE086FF004D73D3 /* Assets.xcassets in Resources */,
				1F6A992F1CE5F37800B61F50 /* StatusCell.xib in Resources */,
				1FE63DF51CFD91B300CE28FA /* OrganizationCell.xib in Resources */,
				1F10A9C41D05A89000C5AA37 /* Main.storyboard in Resources */,
				1F9B4B1F1CE3340D00EAFD29 /* RepositoryCell.xib in Resources */,
				1F9B4B221CE34BE800EAFD29 /* FavoriteRepository.plist in Resources */,
				1F81EFFD1D00336D00271D28 /* SettingsList.plist in Resources */,
				1FB4AD9A1CEA256D002B12A1 /* RepositoryIntervals.plist in Resources */,
				1F7BE7D41CEF14A4008A61BE /* CommitCell.xib in Resources */,
			);
			runOnlyForDeploymentPostprocessing = 0;
		};
/* End PBXResourcesBuildPhase section */

/* Begin PBXShellScriptBuildPhase section */
		1F9F5EC21CE0878C004D73D3 /* Run Script */ = {
			isa = PBXShellScriptBuildPhase;
			buildActionMask = 2147483647;
			files = (
			);
			inputPaths = (
				"$(SRCROOT)/Carthage/Build/iOS/AFNetworking.framework",
				"$(SRCROOT)/Carthage/Build/iOS/ISO8601DateFormatter.framework",
				"$(SRCROOT)/Carthage/Build/iOS/Mantle.framework",
				"$(SRCROOT)/Carthage/Build/iOS/OctoKit.framework",
				"$(SRCROOT)/Carthage/Build/iOS/ReactiveCocoa.framework",
			);
			name = "Run Script";
			outputPaths = (
			);
			runOnlyForDeploymentPostprocessing = 0;
			shellPath = /bin/sh;
			shellScript = "/usr/local/bin/carthage copy-frameworks";
		};
		21931127D082D3E0C4905152 /* [CP] Check Pods Manifest.lock */ = {
			isa = PBXShellScriptBuildPhase;
			buildActionMask = 2147483647;
			files = (
			);
			inputPaths = (
			);
			name = "[CP] Check Pods Manifest.lock";
			outputPaths = (
			);
			runOnlyForDeploymentPostprocessing = 0;
			shellPath = /bin/sh;
			shellScript = "diff \"${PODS_ROOT}/../Podfile.lock\" \"${PODS_ROOT}/Manifest.lock\" > /dev/null\nif [ $? != 0 ] ; then\n    # print error to STDERR\n    echo \"error: The sandbox is not in sync with the Podfile.lock. Run 'pod install' or update your CocoaPods installation.\" >&2\n    exit 1\nfi\n";
			showEnvVarsInLog = 0;
		};
		52F64F169BC9FC458CA914CE /* [CP] Embed Pods Frameworks */ = {
			isa = PBXShellScriptBuildPhase;
			buildActionMask = 2147483647;
			files = (
			);
			inputPaths = (
			);
			name = "[CP] Embed Pods Frameworks";
			outputPaths = (
			);
			runOnlyForDeploymentPostprocessing = 0;
			shellPath = /bin/sh;
			shellScript = "\"${SRCROOT}/Pods/Target Support Files/Pods-GitWatch/Pods-GitWatch-frameworks.sh\"\n";
			showEnvVarsInLog = 0;
		};
		67BFDFB610CD3387A8266799 /* [CP] Copy Pods Resources */ = {
			isa = PBXShellScriptBuildPhase;
			buildActionMask = 2147483647;
			files = (
			);
			inputPaths = (
			);
			name = "[CP] Copy Pods Resources";
			outputPaths = (
			);
			runOnlyForDeploymentPostprocessing = 0;
			shellPath = /bin/sh;
			shellScript = "\"${SRCROOT}/Pods/Target Support Files/Pods-GitWatch/Pods-GitWatch-resources.sh\"\n";
			showEnvVarsInLog = 0;
		};
/* End PBXShellScriptBuildPhase section */

/* Begin PBXSourcesBuildPhase section */
		1F9F5EA41CE086FF004D73D3 /* Sources */ = {
			isa = PBXSourcesBuildPhase;
			buildActionMask = 2147483647;
			files = (
				1F7BE7D31CEF14A4008A61BE /* CommitCell.m in Sources */,
				1F9F5EB31CE086FF004D73D3 /* ViewController.m in Sources */,
				1F6A992E1CE5F37800B61F50 /* StatusCell.m in Sources */,
				1F9F5EB01CE086FF004D73D3 /* AppDelegate.m in Sources */,
				1F7BE7D81CEF179B008A61BE /* PullModel.m in Sources */,
				1FE63DF01CFD8EC300CE28FA /* NS-Extensions.m in Sources */,
				1F147D821CFEFE9A0024F773 /* Dashboard.m in Sources */,
				1F9F5ED51CE09681004D73D3 /* OrganisationsController.m in Sources */,
				1F10A9C11D057C5500C5AA37 /* OrgsContainer.m in Sources */,
				1F7BE7DB1CEF17AC008A61BE /* CommitModel.m in Sources */,
				1F9F5EAD1CE086FF004D73D3 /* main.m in Sources */,
				1FB4AD981CE9BF5B002B12A1 /* RepositoryController.m in Sources */,
				1F0DE9721CEE050800C5315F /* PullRequestsController.m in Sources */,
				1FA95AA01CEDC32A0028BDEC /* StatusController.m in Sources */,
				1FE63DF41CFD91B300CE28FA /* OrganizationCell.m in Sources */,
				1FDBE8B21D38E4DB0044B58E /* BaseTableView.m in Sources */,
				1F147D901CFF27E40024F773 /* RepoView.m in Sources */,
				1FDA29351CF34BFA00528BA6 /* SettingsController.m in Sources */,
				1F9B4B261CE3574A00EAFD29 /* Helper.m in Sources */,
				1FEDD1FC1D1D7524000CACA6 /* Trash.m in Sources */,
				1FE63DF81CFDA10400CE28FA /* ColorHelper.m in Sources */,
				1F81F0001D00343D00271D28 /* PlistHelper.m in Sources */,
				1F147D861CFEFEEF0024F773 /* DashCell.m in Sources */,
				1F0DE9761CEE129600C5315F /* MWKProgressIndicator.m in Sources */,
				1FBDFFAD1D019F0200EB17D9 /* NSDate+Helper.m in Sources */,
				1FA87EE41CE1D56B00E0A7DE /* RepositoriesController.m in Sources */,
				1F81EFFB1D00322800271D28 /* SettingsHelper.m in Sources */,
				1F66A26E1D254EAF003AE781 /* DirectLoginController.m in Sources */,
				1F147D8D1CFF27170024F773 /* Settings.m in Sources */,
				1F0DA3871CE490D5005DBE35 /* HomeController.m in Sources */,
				1FA87EE81CE1EC5300E0A7DE /* RepositoryCell.m in Sources */,
			);
			runOnlyForDeploymentPostprocessing = 0;
		};
/* End PBXSourcesBuildPhase section */

/* Begin PBXVariantGroup section */
		1F10A9C21D05A89000C5AA37 /* Main.storyboard */ = {
			isa = PBXVariantGroup;
			children = (
				1F10A9C31D05A89000C5AA37 /* Base */,
			);
			name = Main.storyboard;
			sourceTree = "<group>";
		};
		1F9F5EB91CE086FF004D73D3 /* LaunchScreen.storyboard */ = {
			isa = PBXVariantGroup;
			children = (
				1F9F5EBA1CE086FF004D73D3 /* Base */,
			);
			name = LaunchScreen.storyboard;
			sourceTree = "<group>";
		};
/* End PBXVariantGroup section */

/* Begin XCBuildConfiguration section */
		1F9F5EBD1CE086FF004D73D3 /* Debug */ = {
			isa = XCBuildConfiguration;
			buildSettings = {
				ALWAYS_SEARCH_USER_PATHS = NO;
				CLANG_ANALYZER_NONNULL = YES;
				CLANG_CXX_LANGUAGE_STANDARD = "gnu++0x";
				CLANG_CXX_LIBRARY = "libc++";
				CLANG_ENABLE_MODULES = YES;
				CLANG_ENABLE_OBJC_ARC = YES;
				CLANG_WARN_BOOL_CONVERSION = YES;
				CLANG_WARN_CONSTANT_CONVERSION = YES;
				CLANG_WARN_DIRECT_OBJC_ISA_USAGE = YES_ERROR;
				CLANG_WARN_EMPTY_BODY = YES;
				CLANG_WARN_ENUM_CONVERSION = YES;
				CLANG_WARN_INT_CONVERSION = YES;
				CLANG_WARN_OBJC_ROOT_CLASS = YES_ERROR;
				CLANG_WARN_UNREACHABLE_CODE = YES;
				CLANG_WARN__DUPLICATE_METHOD_MATCH = YES;
				"CODE_SIGN_IDENTITY[sdk=iphoneos*]" = "iPhone Developer";
				COPY_PHASE_STRIP = NO;
				DEBUG_INFORMATION_FORMAT = dwarf;
				ENABLE_STRICT_OBJC_MSGSEND = YES;
				ENABLE_TESTABILITY = YES;
				GCC_C_LANGUAGE_STANDARD = gnu99;
				GCC_DYNAMIC_NO_PIC = NO;
				GCC_NO_COMMON_BLOCKS = YES;
				GCC_OPTIMIZATION_LEVEL = 0;
				GCC_PREPROCESSOR_DEFINITIONS = (
					"DEBUG=1",
					"$(inherited)",
				);
				GCC_WARN_64_TO_32_BIT_CONVERSION = YES;
				GCC_WARN_ABOUT_RETURN_TYPE = YES_ERROR;
				GCC_WARN_UNDECLARED_SELECTOR = YES;
				GCC_WARN_UNINITIALIZED_AUTOS = YES_AGGRESSIVE;
				GCC_WARN_UNUSED_FUNCTION = YES;
				GCC_WARN_UNUSED_VARIABLE = YES;
				IPHONEOS_DEPLOYMENT_TARGET = 9.3;
				MTL_ENABLE_DEBUG_INFO = YES;
				ONLY_ACTIVE_ARCH = YES;
				SDKROOT = iphoneos;
				TARGETED_DEVICE_FAMILY = "1,2";
			};
			name = Debug;
		};
		1F9F5EBE1CE086FF004D73D3 /* Release */ = {
			isa = XCBuildConfiguration;
			buildSettings = {
				ALWAYS_SEARCH_USER_PATHS = NO;
				CLANG_ANALYZER_NONNULL = YES;
				CLANG_CXX_LANGUAGE_STANDARD = "gnu++0x";
				CLANG_CXX_LIBRARY = "libc++";
				CLANG_ENABLE_MODULES = YES;
				CLANG_ENABLE_OBJC_ARC = YES;
				CLANG_WARN_BOOL_CONVERSION = YES;
				CLANG_WARN_CONSTANT_CONVERSION = YES;
				CLANG_WARN_DIRECT_OBJC_ISA_USAGE = YES_ERROR;
				CLANG_WARN_EMPTY_BODY = YES;
				CLANG_WARN_ENUM_CONVERSION = YES;
				CLANG_WARN_INT_CONVERSION = YES;
				CLANG_WARN_OBJC_ROOT_CLASS = YES_ERROR;
				CLANG_WARN_UNREACHABLE_CODE = YES;
				CLANG_WARN__DUPLICATE_METHOD_MATCH = YES;
				"CODE_SIGN_IDENTITY[sdk=iphoneos*]" = "iPhone Developer";
				COPY_PHASE_STRIP = NO;
				DEBUG_INFORMATION_FORMAT = "dwarf-with-dsym";
				ENABLE_NS_ASSERTIONS = NO;
				ENABLE_STRICT_OBJC_MSGSEND = YES;
				GCC_C_LANGUAGE_STANDARD = gnu99;
				GCC_NO_COMMON_BLOCKS = YES;
				GCC_WARN_64_TO_32_BIT_CONVERSION = YES;
				GCC_WARN_ABOUT_RETURN_TYPE = YES_ERROR;
				GCC_WARN_UNDECLARED_SELECTOR = YES;
				GCC_WARN_UNINITIALIZED_AUTOS = YES_AGGRESSIVE;
				GCC_WARN_UNUSED_FUNCTION = YES;
				GCC_WARN_UNUSED_VARIABLE = YES;
				IPHONEOS_DEPLOYMENT_TARGET = 9.3;
				MTL_ENABLE_DEBUG_INFO = NO;
				SDKROOT = iphoneos;
				TARGETED_DEVICE_FAMILY = "1,2";
				VALIDATE_PRODUCT = YES;
			};
			name = Release;
		};
		1F9F5EC01CE086FF004D73D3 /* Debug */ = {
			isa = XCBuildConfiguration;
			baseConfigurationReference = 74CFC32613E86747D0926C34 /* Pods-GitWatch.debug.xcconfig */;
			buildSettings = {
				ASSETCATALOG_COMPILER_APPICON_NAME = AppIcon;
				CLANG_ENABLE_MODULES = YES;
				CODE_SIGN_IDENTITY = "iPhone Developer";
				"CODE_SIGN_IDENTITY[sdk=iphoneos*]" = "iPhone Developer: Halidou Cisse (JVMWUTC75D)";
				DEFINES_MODULE = YES;
				ENABLE_BITCODE = NO;
				FRAMEWORK_SEARCH_PATHS = (
					"$(inherited)",
					"$(PROJECT_DIR)/Carthage/Build/iOS",
				);
				INFOPLIST_FILE = GitWatch/Info.plist;
				IPHONEOS_DEPLOYMENT_TARGET = 9.0;
				LD_RUNPATH_SEARCH_PATHS = "$(inherited) @executable_path/Frameworks";
				PRODUCT_BUNDLE_IDENTIFIER = com.hiddenfounders.GitWatch;
				PRODUCT_NAME = "$(TARGET_NAME)";
				PROVISIONING_PROFILE = "";
				SWIFT_OBJC_BRIDGING_HEADER = "GitWatch/GitWatch-Bridging-Header.h";
				SWIFT_OPTIMIZATION_LEVEL = "-Onone";
				TARGETED_DEVICE_FAMILY = "1,2";
			};
			name = Debug;
		};
		1F9F5EC11CE086FF004D73D3 /* Release */ = {
			isa = XCBuildConfiguration;
			baseConfigurationReference = AA5517E749A749797A42FC10 /* Pods-GitWatch.release.xcconfig */;
			buildSettings = {
				ASSETCATALOG_COMPILER_APPICON_NAME = AppIcon;
				CLANG_ENABLE_MODULES = YES;
				CODE_SIGN_IDENTITY = "iPhone Developer";
				"CODE_SIGN_IDENTITY[sdk=iphoneos*]" = "iPhone Distribution: FlexCible Information System (2657X7TUJK)";
				DEFINES_MODULE = YES;
				ENABLE_BITCODE = NO;
				FRAMEWORK_SEARCH_PATHS = (
					"$(inherited)",
					"$(PROJECT_DIR)/Carthage/Build/iOS",
				);
				INFOPLIST_FILE = GitWatch/Info.plist;
				IPHONEOS_DEPLOYMENT_TARGET = 9.0;
				LD_RUNPATH_SEARCH_PATHS = "$(inherited) @executable_path/Frameworks";
				PRODUCT_BUNDLE_IDENTIFIER = com.hiddenfounders.GitWatch;
				PRODUCT_NAME = "$(TARGET_NAME)";
				PROVISIONING_PROFILE = "f9a2add1-c77c-41e2-af88-10ed67cd946d";
				SWIFT_OBJC_BRIDGING_HEADER = "GitWatch/GitWatch-Bridging-Header.h";
				TARGETED_DEVICE_FAMILY = "1,2";
			};
			name = Release;
		};
/* End XCBuildConfiguration section */

/* Begin XCConfigurationList section */
		1F9F5EA31CE086FF004D73D3 /* Build configuration list for PBXProject "GitWatch" */ = {
			isa = XCConfigurationList;
			buildConfigurations = (
				1F9F5EBD1CE086FF004D73D3 /* Debug */,
				1F9F5EBE1CE086FF004D73D3 /* Release */,
			);
			defaultConfigurationIsVisible = 0;
			defaultConfigurationName = Release;
		};
		1F9F5EBF1CE086FF004D73D3 /* Build configuration list for PBXNativeTarget "GitWatch" */ = {
			isa = XCConfigurationList;
			buildConfigurations = (
				1F9F5EC01CE086FF004D73D3 /* Debug */,
				1F9F5EC11CE086FF004D73D3 /* Release */,
			);
			defaultConfigurationIsVisible = 0;
			defaultConfigurationName = Release;
		};
/* End XCConfigurationList section */
	};
	rootObject = 1F9F5EA01CE086FF004D73D3 /* Project object */;
}
